hash: 24ffa6480695a5edad1240965b2b555175cc03d28e1c945159920886b4cdf056
updated: 2017-03-26T22:19:07.463359795+02:00
imports:
- name: github.com/chzyer/readline
  version: c914be64f07d9998f52bf0d598ec26d457168c0f
- name: github.com/docker/distribution
  version: 55f1b7651f6242617133312ff8af5c2e4e3628ea
  subpackages:
  - digest
  - reference
- name: github.com/docker/docker
  version: 2b89356c07b1824041985386d0c9485e49d9b987
  subpackages:
  - api
  - api/types
  - api/types/blkiodev
  - api/types/container
  - api/types/events
  - api/types/filters
  - api/types/mount
  - api/types/network
  - api/types/reference
  - api/types/registry
  - api/types/strslice
  - api/types/swarm
  - api/types/time
  - api/types/versions
  - api/types/volume
  - cli
  - cli/command/formatter
  - cli/command/inspect
  - cli/debug
  - client
  - opts
  - pkg/ioutils
  - pkg/longpath
  - pkg/random
  - pkg/stdcopy
  - pkg/stringid
  - pkg/stringutils
  - pkg/system
  - pkg/templates
  - pkg/tlsconfig
  - reference
- name: github.com/docker/go-connections
  version: 5b7154ba2efe13ff86ae8830a9e7cb120b080d6e
  subpackages:
  - nat
  - sockets
  - tlsconfig
- name: github.com/docker/go-units
  version: 0bbddae09c5a5419a8c6dcdd7ff90da3d450393b
- name: github.com/docker/libtrust
  version: fa567046d9b14f6aa788882a950d69651d230b21
- name: github.com/gizak/termui
  version: 798ffb9cbbe4073ef1f88e6069ca4a2c6aa6676b
- name: github.com/gosuri/uitable
  version: 62e40473eadf9579716227a0033cd8db16e1c500
  subpackages:
  - util/strutil
- name: github.com/inconshreveable/mousetrap
  version: 76626ae9c91c4f2a10f34cad8ce83ea42c93bb75
- name: github.com/jessevdk/go-flags
  version: fc93116606d0a71d7e9de0ad5734fdb4b8eae834
- name: github.com/maruel/panicparse
  version: ad661195ed0e88491e0f14be6613304e3b1141d6
  subpackages:
  - stack
- name: github.com/mattn/go-runewidth
  version: 12e0ff74603c9a3209d8bf84f8ab349fe1ad9477
- name: github.com/Microsoft/go-winio
  version: fff283ad5116362ca252298cfc9b95828956d85d
- name: github.com/mitchellh/go-homedir
  version: 756f7b183b7ab78acdbbee5c7f392838ed459dda
- name: github.com/mitchellh/go-wordwrap
  version: ad45545899c7b13c020ea92b2072220eefad42b8
- name: github.com/nsf/termbox-go
  version: abe82ce5fb7a42fbd6784a5ceb71aff977e09ed8
- name: github.com/olekukonko/tablewriter
  version: cca8bbc0798408af109aaaa239cbd2634846b340
- name: github.com/opencontainers/go-digest
  version: aa2ec055abd10d26d539eb630a92241b781ce4bc
- name: github.com/opencontainers/runc
  version: c6db82f9219b2ea4c98f80560205ed6c65aeea19
  subpackages:
  - libcontainer/user
- name: github.com/patrickmn/go-cache
  version: 1881a9bccb818787f68c52bfba648c6cf34c34fa
- name: github.com/pkg/errors
  version: 494e70f7620561491c2ca11e185bbef4b70060da
- name: github.com/Sirupsen/logrus
  version: ba1b36c82c5e05c4f912a88eab0dcd91a171688f
- name: github.com/spf13/cobra
  version: 312092086bed4968099259622145a0c9ae280064
- name: github.com/spf13/pflag
  version: 5644820622454e71517561946e3d94b9f9db6842
- name: golang.org/x/net
  version: f2499483f923065a842d38eb4c7f1927e6fc6e6d
  subpackages:
  - context
  - context/ctxhttp
  - proxy
- name: golang.org/x/sys
  version: e82cb4d7dffc35bcec7bc8bf9e402377e0ecf3f4
  subpackages:
  - unix
  - windows
testImports: []
