# This file is autogenerated, do not edit; changes may be undone by the next 'dep ensure'.


[[projects]]
  name = "github.com/Microsoft/go-winio"
  packages = ["."]
  revision = "78439966b38d69bf38227fbf57ac8a6fee70f69a"
  version = "v0.4.5"

[[projects]]
  branch = "master"
  name = "github.com/docker/cli"
  packages = ["templates"]
  revision = "2014e991ee3ff61c0a479e6278d8b831f67f3261"

[[projects]]
  branch = "master"
  name = "github.com/docker/distribution"
  packages = [
    "digestset",
    "reference"
  ]
  revision = "f0cc927784781fa395c06317c58dea2841ece3a9"

[[projects]]
  name = "github.com/docker/docker"
  packages = [
    "api",
    "api/types",
    "api/types/blkiodev",
    "api/types/container",
    "api/types/events",
    "api/types/filters",
    "api/types/image",
    "api/types/mount",
    "api/types/network",
    "api/types/registry",
    "api/types/strslice",
    "api/types/swarm",
    "api/types/swarm/runtime",
    "api/types/time",
    "api/types/versions",
    "api/types/volume",
    "client",
    "opts",
    "pkg/stdcopy"
  ]
  revision = "641e2c01cca0c9c66b173a52c1f1ef12a934dfa9"

[[projects]]
  branch = "master"
  name = "github.com/docker/go-connections"
  packages = [
    "nat",
    "sockets",
    "tlsconfig"
  ]
  revision = "3ede32e2033de7505e6500d6c868c2b9ed9f169d"

[[projects]]
  branch = "master"
  name = "github.com/docker/go-units"
  packages = ["."]
  revision = "0dadbb0345b35ec7ef35e228dabb8de89a65bf52"

[[projects]]
  name = "github.com/docker/libnetwork"
  packages = ["ipamutils"]
  revision = "0ae9b6f38f24f65567d4b46602502b33c95cf57a"

[[projects]]
  branch = "master"
  name = "github.com/gizak/termui"
  packages = ["."]
  revision = "72304ddb9b4e9838426a021aad64a5a860e98324"

[[projects]]
  name = "github.com/gogo/protobuf"
  packages = ["proto"]
  revision = "100ba4e885062801d56799d78530b73b178a78f3"
  version = "v0.4"

[[projects]]
  name = "github.com/gosuri/uitable"
  packages = ["util/strutil"]
  revision = "62e40473eadf9579716227a0033cd8db16e1c500"

[[projects]]
  name = "github.com/jessevdk/go-flags"
  packages = ["."]
  revision = "fc93116606d0a71d7e9de0ad5734fdb4b8eae834"

[[projects]]
  name = "github.com/maruel/panicparse"
  packages = ["stack"]
  revision = "c139306d9b850f842c12be39998d2fcecfdf2e34"
  version = "v1.0.0"

[[projects]]
  name = "github.com/mattn/go-runewidth"
  packages = ["."]
  revision = "12e0ff74603c9a3209d8bf84f8ab349fe1ad9477"

[[projects]]
  branch = "master"
  name = "github.com/maxzender/jv"
  packages = [
    "colorwriter",
    "jsonfmt",
    "jsontree",
    "terminal"
  ]
  revision = "48fc80518f434576492c9388a892bd76fc5cba83"

[[projects]]
  name = "github.com/mitchellh/go-homedir"
  packages = ["."]
  revision = "756f7b183b7ab78acdbbee5c7f392838ed459dda"

[[projects]]
  name = "github.com/mitchellh/go-wordwrap"
  packages = ["."]
  revision = "ad45545899c7b13c020ea92b2072220eefad42b8"

[[projects]]
  branch = "master"
  name = "github.com/nsf/termbox-go"
  packages = ["."]
  revision = "4ed959e0540971545eddb8c75514973d670cf739"

[[projects]]
  name = "github.com/olekukonko/tablewriter"
  packages = ["."]
  revision = "cca8bbc0798408af109aaaa239cbd2634846b340"

[[projects]]
  name = "github.com/opencontainers/go-digest"
  packages = ["."]
  revision = "aa2ec055abd10d26d539eb630a92241b781ce4bc"
  version = "v1.0.0-rc0"

[[projects]]
  name = "github.com/opencontainers/image-spec"
  packages = [
    "specs-go",
    "specs-go/v1"
  ]
  revision = "ab7389ef9f50030c9b245bc16b981c7ddf192882"
  version = "v1.0.0"

[[projects]]
  name = "github.com/patrickmn/go-cache"
  packages = ["."]
  revision = "1881a9bccb818787f68c52bfba648c6cf34c34fa"
  version = "v2.0.0"

[[projects]]
  name = "github.com/pkg/errors"
  packages = ["."]
  revision = "494e70f7620561491c2ca11e185bbef4b70060da"

[[projects]]
  branch = "master"
  name = "github.com/sirupsen/logrus"
  packages = ["."]
  revision = "68806b4b77355d6c8577a2c8bbc6d547a5272491"

[[projects]]
  branch = "master"
  name = "golang.org/x/crypto"
  packages = ["ssh/terminal"]
  revision = "b176d7def5d71bdd214203491f89843ed217f420"

[[projects]]
  branch = "master"
  name = "golang.org/x/net"
  packages = [
    "context",
    "context/ctxhttp",
    "proxy"
  ]
  revision = "1c05540f6879653db88113bc4a2b70aec4bd491f"

[[projects]]
  branch = "master"
  name = "golang.org/x/sys"
  packages = [
    "unix",
    "windows"
  ]
  revision = "43e60d72a8e2bd92ee98319ba9a384a0e9837c08"

[solve-meta]
  analyzer-name = "dep"
  analyzer-version = 1
  inputs-digest = "f8900636c17a30d5188b7466cccc2c7324d32853c813e08fd11aab4e27fe0af7"
  solver-name = "gps-cdcl"
  solver-version = 1
